{
  "lockfileVersion": 1,
  "configVersion": 0,
  "workspaces": {
    "": {
      "name": "package-tracking",
      "dependencies": {
        "@firebase/util": "^1.15.1",
        "firebase": "^12.14.0",
        "jszip": "^3.10.1",
        "lucide-react": "^1.17.0",
        "next": "14.2.35",
        "protobufjs": "^7.6.3",
        "react": "^18",
        "react-dom": "^18",
      },
      "devDependencies": {
        "@types/bun": "latest",
        "@types/node": "^20",
        "@types/react": "^18",
        "@types/react-dom": "^18",
        "typescript": "^5",
      },
    },
  },
  "packages": {
    "@firebase/ai": ["@firebase/ai@2.13.0", "", { "dependencies": { "@firebase/app-check-interop-types": "0.3.4", "@firebase/component": "0.7.3", "@firebase/logger": "0.5.1", "@firebase/util": "1.15.1", "tslib": "^2.1.0" }, "peerDependencies": { "@firebase/app": "0.x", "@firebase/app-types": "0.x" } }, "sha512-nJJDQKqjAcbkZdZGT/5WTVLrGZ+pYhWbwKC90nNzmvtoRTtnOJaNS34fhKSHQeB9SALgD2kxuWT5I4AkytdZ/Q=="],

    "@firebase/analytics": ["@firebase/analytics@0.10.22", "", { "dependencies": { "@firebase/component": "0.7.3", "@firebase/installations": "0.6.22", "@firebase/logger": "0.5.1", "@firebase/util": "1.15.1", "tslib": "^2.1.0" }, "peerDependencies": { "@firebase/app": "0.x" } }, "sha512-8BSaq/QRGU1+xyi8L2PTLTJU7MH9aMA72RQdIxrbhWFauOZY9OXo8f2YDN/972xA8d588tlnNVEQ2Mo69pT9Ow=="],

    "@firebase/analytics-compat": ["@firebase/analytics-compat@0.2.28", "", { "dependencies": { "@firebase/analytics": "0.10.22", "@firebase/analytics-types": "0.8.4", "@firebase/component": "0.7.3", "@firebase/util": "1.15.1", "tslib": "^2.1.0" }, "peerDependencies": { "@firebase/app-compat": "0.x" } }, "sha512-lIAlqUUbBu93FJMlQfslryQtBwwzdzvp23ePC6FNgymXk6Ook5v4Uvc0vdutvoIeqmyA3LfP0ZeRFK8+11kOOQ=="],

    "@firebase/analytics-types": ["@firebase/analytics-types@0.8.4", "", {}, "sha512-zQ+XTgkwH6CY/eUSHJRP7e4LxM30RCxlCmob5sy2axs25GE3Ny0XdgpDscMTHHQIGqWkxPXad4w2Mw9sCgT8zQ=="],

    "@firebase/app": ["@firebase/app@0.14.13", "", { "dependencies": { "@firebase/component": "0.7.3", "@firebase/logger": "0.5.1", "@firebase/util": "1.15.1", "idb": "7.1.1", "tslib": "^2.1.0" } }, "sha512-H89Jeyp31+EZk9GPu6vaeL9mEmoXgM3nASB7UPBYYS/lqAks21mO1BU1dF8NbsVTL6tgGZkGUtiGJgxtDiwHkw=="],

    "@firebase/app-check": ["@firebase/app-check@0.11.4", "", { "dependencies": { "@firebase/component": "0.7.3", "@firebase/logger": "0.5.1", "@firebase/util": "1.15.1", "tslib": "^2.1.0" }, "peerDependencies": { "@firebase/app": "0.x" } }, "sha512-G8EsbVJV9gSfoibx0dNoNOUrvr+PkL7J//+W/BST/oUassimkZeq9bjj3bKkB0pn4og5GMQ9qs7FefwP00kkgg=="],

    "@firebase/app-check-compat": ["@firebase/app-check-compat@0.4.4", "", { "dependencies": { "@firebase/app-check": "0.11.4", "@firebase/app-check-types": "0.5.4", "@firebase/component": "0.7.3", "@firebase/logger": "0.5.1", "@firebase/util": "1.15.1", "tslib": "^2.1.0" }, "peerDependencies": { "@firebase/app-compat": "0.x" } }, "sha512-9iP0MvmaVagulNXmrca96U3tqNAI3j98wsC1z7rj62nnOTajlrHM//jjB9VoHqRw6/islMskp6RsKnM7vhLDqA=="],

    "@firebase/app-check-interop-types": ["@firebase/app-check-interop-types@0.3.4", "", {}, "sha512-zz3i6e13B8BfWiLy8MABtTh8aGIACgKbf9UVnyHcWs+yQzJXgQcl8A46b0zfaiJHdQ+niF0ouAfcpuf+3LMPQg=="],

    "@firebase/app-check-types": ["@firebase/app-check-types@0.5.4", "", {}, "sha512-xV7JsIyzVr15aA7f3Pi0rB9gdBuVubs89FGA8VkRYA4g0l78poADgdfrScgf7NndSg9mm7cR7PJyY0+t22KaGw=="],

    "@firebase/app-compat": ["@firebase/app-compat@0.5.13", "", { "dependencies": { "@firebase/app": "0.14.13", "@firebase/component": "0.7.3", "@firebase/logger": "0.5.1", "@firebase/util": "1.15.1", "tslib": "^2.1.0" } }, "sha512-pn3FvXwUR34kWPccDQfCKsNZcM2wD1OS+J1jeEgzM1ZNXoxR2NaF6e5DjDuRrnTwR6LN2XQQt0IqE6yKmgpCQg=="],

    "@firebase/app-types": ["@firebase/app-types@0.9.5", "", { "dependencies": { "@firebase/logger": "0.5.1" } }, "sha512-YevqTjvo7Iujsa9Dwowmd6dSoElhzmD63ZSrq6bzjvQ6POjYgNjOFHLmNIgJs48eNO093NCERibuFnxbfOvU7A=="],

    "@firebase/auth": ["@firebase/auth@1.13.2", "", { "dependencies": { "@firebase/component": "0.7.3", "@firebase/logger": "0.5.1", "@firebase/util": "1.15.1", "tslib": "^2.1.0" }, "peerDependencies": { "@firebase/app": "0.x", "@react-native-async-storage/async-storage": "^2.2.0 || ^3.0.0" }, "optionalPeers": ["@react-native-async-storage/async-storage"] }, "sha512-B4w0iS7MxRg28oIh2fJFTE6cM0lYdBrW19eHpc42jqEcloUjlYyVrpPqZvqA4+v9KFEVSKEs2SfWyta7hbzkJQ=="],

    "@firebase/auth-compat": ["@firebase/auth-compat@0.6.7", "", { "dependencies": { "@firebase/auth": "1.13.2", "@firebase/auth-types": "0.13.1", "@firebase/component": "0.7.3", "@firebase/util": "1.15.1", "tslib": "^2.1.0" }, "peerDependencies": { "@firebase/app-compat": "0.x" } }, "sha512-XgKnOgY1Siq7gylAmLkYtHAlRxNeWEAspH+nO3gJZJnfHqoTHbr9UjJ3nHNFALYXV5CfpQlyPROyB2ztySBHBQ=="],

    "@firebase/auth-interop-types": ["@firebase/auth-interop-types@0.2.5", "", {}, "sha512-1Li/YuBDBAXcKv7BzY4U28gontUmAaw53sYiqbaVOMCFb2lFKK/c3CGMUWqtwe7+TXrl3poWnTCL5umYBg85Eg=="],

    "@firebase/auth-types": ["@firebase/auth-types@0.13.1", "", { "peerDependencies": { "@firebase/app-types": "0.x", "@firebase/util": "1.x" } }, "sha512-0c1Mnid0uMDfGJHeUS4zfvBa4/CedJXotGy/n/NZJnBjwiJawt0ZYU+wH2VAVLiRCEfG2ncCkAX3yd1/2nrB7g=="],

    "@firebase/component": ["@firebase/component@0.7.3", "", { "dependencies": { "@firebase/util": "1.15.1", "tslib": "^2.1.0" } }, "sha512-wFofIaa2879ogD/WvkjYXJxRmfnL0scen6ORgaC3na1FNOR9ASIUANQdhqQcmWu/h77/pVHY7ch5flewa5Bcew=="],

    "@firebase/data-connect": ["@firebase/data-connect@0.7.1", "", { "dependencies": { "@firebase/auth-interop-types": "0.2.5", "@firebase/component": "0.7.3", "@firebase/logger": "0.5.1", "@firebase/util": "1.15.1", "tslib": "^2.1.0" }, "peerDependencies": { "@firebase/app": "0.x" } }, "sha512-2LbUU8mmSA63HknxQMmWHjpzuNLBKflvVwQc2tpoVKg0biWleNEJX031ELks0vzFs+dDjOUkCJR72RP6mQHFOg=="],

    "@firebase/database": ["@firebase/database@1.1.3", "", { "dependencies": { "@firebase/app-check-interop-types": "0.3.4", "@firebase/auth-interop-types": "0.2.5", "@firebase/component": "0.7.3", "@firebase/logger": "0.5.1", "@firebase/util": "1.15.1", "faye-websocket": "0.11.4", "tslib": "^2.1.0" } }, "sha512-XwWCa+E4TvNGpGwXrycLRNfdogADwFcvuhyow6wDWma9W54roaQIhe+4PM0KiLsIftBdSCGI7OKCXrdSRHbIhw=="],

    "@firebase/database-compat": ["@firebase/database-compat@2.1.4", "", { "dependencies": { "@firebase/component": "0.7.3", "@firebase/database": "1.1.3", "@firebase/database-types": "1.0.20", "@firebase/logger": "0.5.1", "@firebase/util": "1.15.1", "tslib": "^2.1.0" } }, "sha512-3pK35F1MAgmqFJQlf2nhQl44vtAXQO1uaCaQOEUI9kCRtLFqi7N+QRKR7lFZPg+xIZIyubgxQaxY69YgfZRZWg=="],

    "@firebase/database-types": ["@firebase/database-types@1.0.20", "", { "dependencies": { "@firebase/app-types": "0.9.5", "@firebase/util": "1.15.1" } }, "sha512-kegbOk/w8iU64pr0q6k2ItyNGjnQBMHFhwS7ohdWI4W+pc0/zhhdGXTdFj6X1oxItRjPoYOsSQmERgBkn/ihxw=="],

    "@firebase/firestore": ["@firebase/firestore@4.15.0", "", { "dependencies": { "@firebase/component": "0.7.3", "@firebase/logger": "0.5.1", "@firebase/util": "1.15.1", "@firebase/webchannel-wrapper": "1.0.6", "@grpc/grpc-js": "~1.9.0", "@grpc/proto-loader": "^0.7.8", "tslib": "^2.1.0" }, "peerDependencies": { "@firebase/app": "0.x" } }, "sha512-Fj9osqYkz2Rqr7kW3/A8BRd8CyJ7yA5K8YjhihRdyJWbL+FsELVcR6DpoCplrp1IyU+xeGgTubo1UOySXpY+EA=="],

    "@firebase/firestore-compat": ["@firebase/firestore-compat@0.4.10", "", { "dependencies": { "@firebase/component": "0.7.3", "@firebase/firestore": "4.15.0", "@firebase/firestore-types": "3.0.4", "@firebase/util": "1.15.1", "tslib": "^2.1.0" }, "peerDependencies": { "@firebase/app-compat": "0.x" } }, "sha512-yMP3FADDjikdrQv4YmvL4EkIny6Hw+N+a2O5T40rlHiniyMpRPxgYkKiFOvMZnsqKLqBVnKqCAElC0pa/IZtdw=="],

    "@firebase/firestore-types": ["@firebase/firestore-types@3.0.4", "", { "peerDependencies": { "@firebase/app-types": "0.x", "@firebase/util": "1.x" } }, "sha512-jGn+JSS4X9zZsrfu7Yw66v5YRdOLD1oyQh4USR0xWl4CUqV/DA6bNIXRPpxH/cUl3iVTNiP6MN7g+EL42A4qfA=="],

    "@firebase/functions": ["@firebase/functions@0.13.5", "", { "dependencies": { "@firebase/app-check-interop-types": "0.3.4", "@firebase/auth-interop-types": "0.2.5", "@firebase/component": "0.7.3", "@firebase/messaging-interop-types": "0.2.5", "@firebase/util": "1.15.1", "tslib": "^2.1.0" }, "peerDependencies": { "@firebase/app": "0.x" } }, "sha512-bWCx713f4kE/uFV7gdFOLBS7lDoiZj48MRkbAqe35gkXcCeWF4QjRNO07Jhmve7EJIoQOBczL29y2r8VRuN1kw=="],

    "@firebase/functions-compat": ["@firebase/functions-compat@0.4.5", "", { "dependencies": { "@firebase/component": "0.7.3", "@firebase/functions": "0.13.5", "@firebase/functions-types": "0.6.4", "@firebase/util": "1.15.1", "tslib": "^2.1.0" }, "peerDependencies": { "@firebase/app-compat": "0.x" } }, "sha512-10qlUXGY25G5/1g9UihqksPp2po+ZqSE7LEizsrdUP7vrTmkysXxGSZCDyojSEp6mQe/ecRDdDDI+z4XRdb4wQ=="],

    "@firebase/functions-types": ["@firebase/functions-types@0.6.4", "", {}, "sha512-zV6kgqtduR4rUAdC/ilS7kmb93XD7bEZoJDlVBZqlOw2uGGGCNBQBuleww2rr0Ulr3L9o2TDjumEt68/l1f9DQ=="],

    "@firebase/installations": ["@firebase/installations@0.6.22", "", { "dependencies": { "@firebase/component": "0.7.3", "@firebase/util": "1.15.1", "idb": "7.1.1", "tslib": "^2.1.0" }, "peerDependencies": { "@firebase/app": "0.x" } }, "sha512-ef6nn3GGQTdReCfotRMG77PJZu8CqEbiK5pEoBnM0gTu/Z9v0i/az2p3HABsa/1beQmmyh1OsOjf7P5+pgwdZw=="],

    "@firebase/installations-compat": ["@firebase/installations-compat@0.2.22", "", { "dependencies": { "@firebase/component": "0.7.3", "@firebase/installations": "0.6.22", "@firebase/installations-types": "0.5.4", "@firebase/util": "1.15.1", "tslib": "^2.1.0" }, "peerDependencies": { "@firebase/app-compat": "0.x" } }, "sha512-C/zpAuTP5S9OgKSPvXRupw3hoY/JZSlA1wFjD/Sb7LIQE0FNbcMdO8Y4KXVEkjVzma/DDDDIAzxEXqKMAzc88w=="],

    "@firebase/installations-types": ["@firebase/installations-types@0.5.4", "", { "peerDependencies": { "@firebase/app-types": "0.x" } }, "sha512-U2eFapdHwjb43Vx9o+Pmj4dFfvcHEK1IirEFLqMtWrTHvmdrS3gBpBD1kmJk/9HjsOtoHZxJ2Paoe79e+L1ZPg=="],

    "@firebase/logger": ["@firebase/logger@0.5.1", "", { "dependencies": { "tslib": "^2.1.0" } }, "sha512-vZKLsqE1ABOy8OjQiE7cUTFn4gvaqlk88yp8N94Pk/sDpq61YqZGqmVFZTvOyflTwuYFcWirBdYGoJgbDaXKYQ=="],

    "@firebase/messaging": ["@firebase/messaging@0.13.0", "", { "dependencies": { "@firebase/component": "0.7.3", "@firebase/installations": "0.6.22", "@firebase/messaging-interop-types": "0.2.5", "@firebase/util": "1.15.1", "idb": "7.1.1", "tslib": "^2.1.0" }, "peerDependencies": { "@firebase/app": "0.x" } }, "sha512-GZoo0uGRvEbszo83xcgbjJp4FpkmBEr4l8Z4hi8gl+P1Spn/MTK3HapanMzSX4yUHuTEiF5hasWRxOaz+o5sxQ=="],

    "@firebase/messaging-compat": ["@firebase/messaging-compat@0.2.27", "", { "dependencies": { "@firebase/component": "0.7.3", "@firebase/messaging": "0.13.0", "@firebase/util": "1.15.1", "tslib": "^2.1.0" }, "peerDependencies": { "@firebase/app-compat": "0.x" } }, "sha512-JNOiu1PPgdHzEPEtoFiNxQuu0x9bm4bfETSQCpGfcTlgWkhlSK7uh7nlsjC10TQLUNgYetLmuutaYTh8aeYLVA=="],

    "@firebase/messaging-interop-types": ["@firebase/messaging-interop-types@0.2.5", "", {}, "sha512-tUEKnaAP2Y/MNIqgnriPpV6e5l13Vs/+p2yrd6NGlncPJT9O3a8muYZtdnWe+IJ4fgKLHJVC79n/asxk/N5Msw=="],

    "@firebase/performance": ["@firebase/performance@0.7.12", "", { "dependencies": { "@firebase/component": "0.7.3", "@firebase/installations": "0.6.22", "@firebase/logger": "0.5.1", "@firebase/util": "1.15.1", "tslib": "^2.1.0", "web-vitals": "^4.2.4" }, "peerDependencies": { "@firebase/app": "0.x" } }, "sha512-fe7nV8teUU3OBHlMUZ9Lw4gLhCW2k4m5Uc3pfWGV+fl8uwJQBGp9Q3lqsJ+HSrFu3Q2pJyLAgrClPGSKyDeYgQ=="],

    "@firebase/performance-compat": ["@firebase/performance-compat@0.2.25", "", { "dependencies": { "@firebase/component": "0.7.3", "@firebase/logger": "0.5.1", "@firebase/performance": "0.7.12", "@firebase/performance-types": "0.2.4", "@firebase/util": "1.15.1", "tslib": "^2.1.0" }, "peerDependencies": { "@firebase/app-compat": "0.x" } }, "sha512-q6NjTXpIPoFuUmCmMN/maCdTgzT6aExs9xZo+PxfVLj6uLVGvpyAD6XWjmcrb7jChsFBYbq7E5dyNDF7Zhy9kA=="],

    "@firebase/performance-types": ["@firebase/performance-types@0.2.4", "", {}, "sha512-kJSEk7b0uhpcPRyL4SQ/GPujLqk52XNKcXlnsKDbWGAb9vugcLvOU3u6zfEdwd+d8hWJb5S5ZizV1JFFI0nkKg=="],

    "@firebase/remote-config": ["@firebase/remote-config@0.8.4", "", { "dependencies": { "@firebase/component": "0.7.3", "@firebase/installations": "0.6.22", "@firebase/logger": "0.5.1", "@firebase/util": "1.15.1", "tslib": "^2.1.0" }, "peerDependencies": { "@firebase/app": "0.x" } }, "sha512-lslywR5lGvHWTu4z/MPoYs3UwS3CKdeY+ELXY87087VsOpBpkD+9Orra23tA9GW683arPTDOM3CM6eKmtiOO3g=="],

    "@firebase/remote-config-compat": ["@firebase/remote-config-compat@0.2.25", "", { "dependencies": { "@firebase/component": "0.7.3", "@firebase/logger": "0.5.1", "@firebase/remote-config": "0.8.4", "@firebase/remote-config-types": "0.5.1", "@firebase/util": "1.15.1", "tslib": "^2.1.0" }, "peerDependencies": { "@firebase/app-compat": "0.x" } }, "sha512-FnA5S4IxFJAAFrCnYzWlO0FCaizlYdqhe42ygFMA+wE/mUP+w36iXzHyKj1OO1A+2gyMFjeRHyg8HhkJ6c5vRA=="],

    "@firebase/remote-config-types": ["@firebase/remote-config-types@0.5.1", "", {}, "sha512-cX/1LT6KQwkXzck2eSzeKnuvXZCyr8qaPpDcikoJs7jmI+oBOXixpDLeDtWj1U6GNMkIoXrEDNoyT2Ypcyp5/A=="],

    "@firebase/storage": ["@firebase/storage@0.14.3", "", { "dependencies": { "@firebase/component": "0.7.3", "@firebase/util": "1.15.1", "tslib": "^2.1.0" }, "peerDependencies": { "@firebase/app": "0.x" } }, "sha512-YX4/YL6P6/fufSSeGnVhjWddcIXbFq2cWIhMKFTZo1E/Rtcl2mJj/BYUQTwJfcE1Tl8un1FOya4L05jcSLN/Eg=="],

    "@firebase/storage-compat": ["@firebase/storage-compat@0.4.3", "", { "dependencies": { "@firebase/component": "0.7.3", "@firebase/storage": "0.14.3", "@firebase/storage-types": "0.8.4", "@firebase/util": "1.15.1", "tslib": "^2.1.0" }, "peerDependencies": { "@firebase/app-compat": "0.x" } }, "sha512-gruVqjtUGX8tEoeNbaWXZm0Zfcfcb7fvmDmBxV8yPAbWvExRnZYLO2+qw9idxNE7BvPXt5csyjSYHy//dAizxw=="],

    "@firebase/storage-types": ["@firebase/storage-types@0.8.4", "", { "peerDependencies": { "@firebase/app-types": "0.x", "@firebase/util": "1.x" } }, "sha512-BT7cwxJOx8SWwlQfrlC+bD/Sk3Cw+1odCi8UZNFNWTVZoPsBnA5W+mqtZzVnvsdJpXCFGSGQ7R7vOR6dtM/BRA=="],

    "@firebase/util": ["@firebase/util@1.15.1", "", { "dependencies": { "tslib": "^2.1.0" } }, "sha512-LUdM4Wg7YM9Pq/49nGYySJA0CSQEKnGffFzWV8+6gXN7mGxn+FL1IqvFbuZUtAQcfZgHYDwCE1wwlK7rB7gl2g=="],

    "@firebase/webchannel-wrapper": ["@firebase/webchannel-wrapper@1.0.6", "", {}, "sha512-Vr/Mqu79dMwGRAyGbJ4uN4+BtXB3/mRTdzetD1daWNeG8QaWuzhhbG77GltO5c0yYmYls8i250iX73624GJd7Q=="],

    "@grpc/grpc-js": ["@grpc/grpc-js@1.9.16", "", { "dependencies": { "@grpc/proto-loader": "^0.7.8", "@types/node": ">=12.12.47" } }, "sha512-wE4Ut/olIzfKqp631XrG+wbF0v1vWFN4YL9FyXC2LJiG33DsV7PLzURjrCvY/6je2ntdRkeLpPDluzSRGaVltQ=="],

    "@grpc/proto-loader": ["@grpc/proto-loader@0.7.15", "", { "dependencies": { "lodash.camelcase": "^4.3.0", "long": "^5.0.0", "protobufjs": "^7.2.5", "yargs": "^17.7.2" }, "bin": { "proto-loader-gen-types": "build/bin/proto-loader-gen-types.js" } }, "sha512-tMXdRCfYVixjuFK+Hk0Q1s38gV9zDiDJfWL3h1rv4Qc39oILCu1TRTDt7+fGUI8K4G1Fj125Hx/ru3azECWTyQ=="],

    "@next/env": ["@next/env@14.2.35", "", {}, "sha512-DuhvCtj4t9Gwrx80dmz2F4t/zKQ4ktN8WrMwOuVzkJfBilwAwGr6v16M5eI8yCuZ63H9TTuEU09Iu2HqkzFPVQ=="],

    "@next/swc-darwin-arm64": ["@next/swc-darwin-arm64@14.2.33", "", { "os": "darwin", "cpu": "arm64" }, "sha512-HqYnb6pxlsshoSTubdXKu15g3iivcbsMXg4bYpjL2iS/V6aQot+iyF4BUc2qA/J/n55YtvE4PHMKWBKGCF/+wA=="],

    "@next/swc-darwin-x64": ["@next/swc-darwin-x64@14.2.33", "", { "os": "darwin", "cpu": "x64" }, "sha512-8HGBeAE5rX3jzKvF593XTTFg3gxeU4f+UWnswa6JPhzaR6+zblO5+fjltJWIZc4aUalqTclvN2QtTC37LxvZAA=="],

    "@next/swc-linux-arm64-gnu": ["@next/swc-linux-arm64-gnu@14.2.33", "", { "os": "linux", "cpu": "arm64" }, "sha512-JXMBka6lNNmqbkvcTtaX8Gu5by9547bukHQvPoLe9VRBx1gHwzf5tdt4AaezW85HAB3pikcvyqBToRTDA4DeLw=="],

    "@next/swc-linux-arm64-musl": ["@next/swc-linux-arm64-musl@14.2.33", "", { "os": "linux", "cpu": "arm64" }, "sha512-Bm+QulsAItD/x6Ih8wGIMfRJy4G73tu1HJsrccPW6AfqdZd0Sfm5Imhgkgq2+kly065rYMnCOxTBvmvFY1BKfg=="],

    "@next/swc-linux-x64-gnu": ["@next/swc-linux-x64-gnu@14.2.33", "", { "os": "linux", "cpu": "x64" }, "sha512-FnFn+ZBgsVMbGDsTqo8zsnRzydvsGV8vfiWwUo1LD8FTmPTdV+otGSWKc4LJec0oSexFnCYVO4hX8P8qQKaSlg=="],

    "@next/swc-linux-x64-musl": ["@next/swc-linux-x64-musl@14.2.33", "", { "os": "linux", "cpu": "x64" }, "sha512-345tsIWMzoXaQndUTDv1qypDRiebFxGYx9pYkhwY4hBRaOLt8UGfiWKr9FSSHs25dFIf8ZqIFaPdy5MljdoawA=="],

    "@next/swc-win32-arm64-msvc": ["@next/swc-win32-arm64-msvc@14.2.33", "", { "os": "win32", "cpu": "arm64" }, "sha512-nscpt0G6UCTkrT2ppnJnFsYbPDQwmum4GNXYTeoTIdsmMydSKFz9Iny2jpaRupTb+Wl298+Rh82WKzt9LCcqSQ=="],

    "@next/swc-win32-ia32-msvc": ["@next/swc-win32-ia32-msvc@14.2.33", "", { "os": "win32", "cpu": "ia32" }, "sha512-pc9LpGNKhJ0dXQhZ5QMmYxtARwwmWLpeocFmVG5Z0DzWq5Uf0izcI8tLc+qOpqxO1PWqZ5A7J1blrUIKrIFc7Q=="],

    "@next/swc-win32-x64-msvc": ["@next/swc-win32-x64-msvc@14.2.33", "", { "os": "win32", "cpu": "x64" }, "sha512-nOjfZMy8B94MdisuzZo9/57xuFVLHJaDj5e/xrduJp9CV2/HrfxTRH2fbyLe+K9QT41WBLUd4iXX3R7jBp0EUg=="],

    "@protobufjs/aspromise": ["@protobufjs/aspromise@1.1.2", "", {}, "sha512-j+gKExEuLmKwvz3OgROXtrJ2UG2x8Ch2YZUxahh+s1F2HZ+wAceUNLkvy6zKCPVRkU++ZWQrdxsUeQXmcg4uoQ=="],

    "@protobufjs/base64": ["@protobufjs/base64@1.1.2", "", {}, "sha512-AZkcAA5vnN/v4PDqKyMR5lx7hZttPDgClv83E//FMNhR2TMcLUhfRUBHCmSl0oi9zMgDDqRUJkSxO3wm85+XLg=="],

    "@protobufjs/codegen": ["@protobufjs/codegen@2.0.5", "", {}, "sha512-zgXFLzW3Ap33e6d0Wlj4MGIm6Ce8O89n/apUaGNB/jx+hw+ruWEp7EwGUshdLKVRCxZW12fp9r40E1mQrf/34g=="],

    "@protobufjs/eventemitter": ["@protobufjs/eventemitter@1.1.1", "", {}, "sha512-vW1GmwMZNnL+gMRaovlh9yZX74kc+TTU3FObkkurpMaRtBfLP3ldjS9KQWlwZgraRE0+dheEEoAxdzcJQ8eXZg=="],

    "@protobufjs/fetch": ["@protobufjs/fetch@1.1.1", "", { "dependencies": { "@protobufjs/aspromise": "^1.1.1" } }, "sha512-GpptLrs57adMSuHi3VNj0mAF8dwh36LMaYF6XyJ6JMWlVsc+t42tm1HSEDmOs3A8fC9yyeisgLhsTVQokOZ0zw=="],

    "@protobufjs/float": ["@protobufjs/float@1.0.2", "", {}, "sha512-Ddb+kVXlXst9d+R9PfTIxh1EdNkgoRe5tOX6t01f1lYWOvJnSPDBlG241QLzcyPdoNTsblLUdujGSE4RzrTZGQ=="],

    "@protobufjs/inquire": ["@protobufjs/inquire@1.1.2", "", {}, "sha512-pa0vFRuws4wkvaXKK1uXZMAwAX4/t8ANaJo45iw/oQHNQ9q5xUzwgFmVJGXiga2BeN+zpX7Vf9vmsiIa2J+MUw=="],

    "@protobufjs/path": ["@protobufjs/path@1.1.2", "", {}, "sha512-6JOcJ5Tm08dOHAbdR3GrvP+yUUfkjG5ePsHYczMFLq3ZmMkAD98cDgcT2iA1lJ9NVwFd4tH/iSSoe44YWkltEA=="],

    "@protobufjs/pool": ["@protobufjs/pool@1.1.0", "", {}, "sha512-0kELaGSIDBKvcgS4zkjz1PeddatrjYcmMWOlAuAPwAeccUrPHdUqo/J6LiymHHEiJT5NrF1UVwxY14f+fy4WQw=="],

    "@protobufjs/utf8": ["@protobufjs/utf8@1.1.1", "", {}, "sha512-oOAWABowe8EAbMyWKM0tYDKi8Yaox52D+HWZhAIJqQXbqe0xI/GV7FhLWqlEKreMkfDjshR5FKgi3mnle0h6Eg=="],

    "@swc/counter": ["@swc/counter@0.1.3", "", {}, "sha512-e2BR4lsJkkRlKZ/qCHPw9ZaSxc0MVUd7gtbtaB7aMvHeJVYe8sOB8DBZkP2DtISHGSku9sCK6T6cnY0CtXrOCQ=="],

    "@swc/helpers": ["@swc/helpers@0.5.5", "", { "dependencies": { "@swc/counter": "^0.1.3", "tslib": "^2.4.0" } }, "sha512-KGYxvIOXcceOAbEk4bi/dVLEK9z8sZ0uBB3Il5b1rhfClSpcX0yfRO0KmTkqR2cnQDymwLB+25ZyMzICg/cm/A=="],

    "@types/bun": ["@types/bun@1.3.14", "", { "dependencies": { "bun-types": "1.3.14" } }, "sha512-h1hFqFVcvAvD9j9K7ZW7vd82aSA+rTdznZa+5bwvCwqSB1jmmfLcbIWhOLx1/+boy/xmjgCs/OMUL8hRJSmnPw=="],

    "@types/node": ["@types/node@20.19.42", "", { "dependencies": { "undici-types": "~6.21.0" } }, "sha512-5L7SUaFC1RyDraj2yRhyBzHTobyXHmohD100CChNtyPyleoq37Mqab5Gn8XEKI04dfN/oqPdpHk38MgcQWHbZg=="],

    "@types/prop-types": ["@types/prop-types@15.7.15", "", {}, "sha512-F6bEyamV9jKGAFBEmlQnesRPGOQqS2+Uwi0Em15xenOxHaf2hv6L8YCVn3rPdPJOiJfPiCnLIRyvwVaqMY3MIw=="],

    "@types/react": ["@types/react@18.3.31", "", { "dependencies": { "@types/prop-types": "*", "csstype": "^3.2.2" } }, "sha512-vfEqpXTvwT91yhmwdfouStN2hSKwTvyRs8qpLfADyrq/kxDw0hZM7Wk9Ug1FELj8hIby+S/+kQCSRFF32nv2Qw=="],

    "@types/react-dom": ["@types/react-dom@18.3.7", "", { "peerDependencies": { "@types/react": "^18.0.0" } }, "sha512-MEe3UeoENYVFXzoXEWsvcpg6ZvlrFNlOQ7EOsvhI3CfAXwzPfO8Qwuxd40nepsYKqyyVQnTdEfv68q91yLcKrQ=="],

    "ansi-regex": ["ansi-regex@5.0.1", "", {}, "sha512-quJQXlTSUGL2LH9SUXo8VwsY4soanhgo6LNSm84E1LBcE8s3O0wpdiRzyR9z/ZZJMlMWv37qOOb9pdJlMUEKFQ=="],

    "ansi-styles": ["ansi-styles@4.3.0", "", { "dependencies": { "color-convert": "^2.0.1" } }, "sha512-zbB9rCJAT1rbjiVDb2hqKFHNYLxgtk8NURxZ3IZwD3F6NtxbXZQCnnSi1Lkx+IDohdPlFp222wVALIheZJQSEg=="],

    "bun-types": ["bun-types@1.3.14", "", { "dependencies": { "@types/node": "*" } }, "sha512-4N0ig0fEomHt5R0KCFWjovxow98rIoRwKolrYdCcknNwMekCXRnWEUvgu5soYV8QXtVsrUD8B95MBOZGPvr6KQ=="],

    "busboy": ["busboy@1.6.0", "", { "dependencies": { "streamsearch": "^1.1.0" } }, "sha512-8SFQbg/0hQ9xy3UNTB0YEnsNBbWfhf7RtnzpL7TkBiTBRfrQ9Fxcnz7VJsleJpyp6rVLvXiuORqjlHi5q+PYuA=="],

    "caniuse-lite": ["caniuse-lite@1.0.30001797", "", {}, "sha512-l8xKG+gwAIExZGl9FrF7KUwuOmk6wbEPC9Xoy/RtnWv1XG0Q4LFlagaLpUv3Kiza3W/wm27zy0yWJEieYKAP6w=="],

    "client-only": ["client-only@0.0.1", "", {}, "sha512-IV3Ou0jSMzZrd3pZ48nLkT9DA7Ag1pnPzaiQhpW7c3RbcqqzvzzVu+L8gfqMp/8IM2MQtSiqaCxrrcfu8I8rMA=="],

    "cliui": ["cliui@8.0.1", "", { "dependencies": { "string-width": "^4.2.0", "strip-ansi": "^6.0.1", "wrap-ansi": "^7.0.0" } }, "sha512-BSeNnyus75C4//NQ9gQt1/csTXyo/8Sb+afLAkzAptFuMsod9HFokGNudZpi/oQV73hnVK+sR+5PVRMd+Dr7YQ=="],

    "color-convert": ["color-convert@2.0.1", "", { "dependencies": { "color-name": "~1.1.4" } }, "sha512-RRECPsj7iu/xb5oKYcsFHSppFNnsj/52OVTRKb4zP5onXwVF3zVmmToNcOfGC+CRDpfK/U584fMg38ZHCaElKQ=="],

    "color-name": ["color-name@1.1.4", "", {}, "sha512-dOy+3AuW3a2wNbZHIuMZpTcgjGuLU/uBL/ubcZF9OXbDo8ff4O8yVp5Bf0efS8uEoYo5q4Fx7dY9OgQGXgAsQA=="],

    "core-util-is": ["core-util-is@1.0.3", "", {}, "sha512-ZQBvi1DcpJ4GDqanjucZ2Hj3wEO5pZDS89BWbkcrvdxksJorwUDDZamX9ldFkp9aw2lmBDLgkObEA4DWNJ9FYQ=="],

    "csstype": ["csstype@3.2.3", "", {}, "sha512-z1HGKcYy2xA8AGQfwrn0PAy+PB7X/GSj3UVJW9qKyn43xWa+gl5nXmU4qqLMRzWVLFC8KusUX8T/0kCiOYpAIQ=="],

    "emoji-regex": ["emoji-regex@8.0.0", "", {}, "sha512-MSjYzcWNOA0ewAHpz0MxpYFvwg6yjy1NG3xteoqz644VCo/RPgnr1/GGt+ic3iJTzQ8Eu3TdM14SawnVUmGE6A=="],

    "escalade": ["escalade@3.2.0", "", {}, "sha512-WUj2qlxaQtO4g6Pq5c29GTcWGDyd8itL8zTlipgECz3JesAiiOKotd8JU6otB3PACgG6xkJUyVhboMS+bje/jA=="],

    "faye-websocket": ["faye-websocket@0.11.4", "", { "dependencies": { "websocket-driver": ">=0.5.1" } }, "sha512-CzbClwlXAuiRQAlUyfqPgvPoNKTckTPGfwZV4ZdAhVcP2lh9KUxJg2b5GkE7XbjKQ3YJnQ9z6D9ntLAlB+tP8g=="],

    "firebase": ["firebase@12.14.0", "", { "dependencies": { "@firebase/ai": "2.13.0", "@firebase/analytics": "0.10.22", "@firebase/analytics-compat": "0.2.28", "@firebase/app": "0.14.13", "@firebase/app-check": "0.11.4", "@firebase/app-check-compat": "0.4.4", "@firebase/app-compat": "0.5.13", "@firebase/app-types": "0.9.5", "@firebase/auth": "1.13.2", "@firebase/auth-compat": "0.6.7", "@firebase/data-connect": "0.7.1", "@firebase/database": "1.1.3", "@firebase/database-compat": "2.1.4", "@firebase/firestore": "4.15.0", "@firebase/firestore-compat": "0.4.10", "@firebase/functions": "0.13.5", "@firebase/functions-compat": "0.4.5", "@firebase/installations": "0.6.22", "@firebase/installations-compat": "0.2.22", "@firebase/messaging": "0.13.0", "@firebase/messaging-compat": "0.2.27", "@firebase/performance": "0.7.12", "@firebase/performance-compat": "0.2.25", "@firebase/remote-config": "0.8.4", "@firebase/remote-config-compat": "0.2.25", "@firebase/storage": "0.14.3", "@firebase/storage-compat": "0.4.3", "@firebase/util": "1.15.1" } }, "sha512-aEZ/lniDR1hOCYpx/x/V8Nrrqq9pepKDNkqP/4WGZFC69gTv6F59Z4/54W/SUP4L/hFlrRNmWj35aweQq+IHow=="],

    "get-caller-file": ["get-caller-file@2.0.5", "", {}, "sha512-DyFP3BM/3YHTQOCUL/w0OZHR0lpKeGrxotcHWcqNEdnltqFwXVfhEBQ94eIo34AfQpo0rGki4cyIiftY06h2Fg=="],

    "graceful-fs": ["graceful-fs@4.2.11", "", {}, "sha512-RbJ5/jmFcNNCcDV5o9eTnBLJ/HszWV0P73bc+Ff4nS/rJj+YaS6IGyiOL0VoBYX+l1Wrl3k63h/KrH+nhJ0XvQ=="],

    "http-parser-js": ["http-parser-js@0.5.10", "", {}, "sha512-Pysuw9XpUq5dVc/2SMHpuTY01RFl8fttgcyunjL7eEMhGM3cI4eOmiCycJDVCo/7O7ClfQD3SaI6ftDzqOXYMA=="],

    "idb": ["idb@7.1.1", "", {}, "sha512-gchesWBzyvGHRO9W8tzUWFDycow5gwjvFKfyV9FF32Y7F50yZMp7mP+T2mJIWFx49zicqyC4uefHM17o6xKIVQ=="],

    "immediate": ["immediate@3.0.6", "", {}, "sha512-XXOFtyqDjNDAQxVfYxuF7g9Il/IbWmmlQg2MYKOH8ExIT1qg6xc4zyS3HaEEATgs1btfzxq15ciUiY7gjSXRGQ=="],

    "inherits": ["inherits@2.0.4", "", {}, "sha512-k/vGaX4/Yla3WzyMCvTQOXYeIHvqOKtnqBduzTHpzpQZzAskKMhZ2K+EnBiSM9zGSoIFeMpXKxa4dYeZIQqewQ=="],

    "is-fullwidth-code-point": ["is-fullwidth-code-point@3.0.0", "", {}, "sha512-zymm5+u+sCsSWyD9qNaejV3DFvhCKclKdizYaJUuHA83RLjb7nSuGnddCHGv0hk+KY7BMAlsWeK4Ueg6EV6XQg=="],

    "isarray": ["isarray@1.0.0", "", {}, "sha512-VLghIWNM6ELQzo7zwmcg0NmTVyWKYjvIeM83yjp0wRDTmUnrM678fQbcKBo6n2CJEF0szoG//ytg+TKla89ALQ=="],

    "js-tokens": ["js-tokens@4.0.0", "", {}, "sha512-RdJUflcE3cUzKiMqQgsCu06FPu9UdIJO0beYbPhHN4k6apgJtifcoCtT9bcxOpYBtpD2kCM6Sbzg4CausW/PKQ=="],

    "jszip": ["jszip@3.10.1", "", { "dependencies": { "lie": "~3.3.0", "pako": "~1.0.2", "readable-stream": "~2.3.6", "setimmediate": "^1.0.5" } }, "sha512-xXDvecyTpGLrqFrvkrUSoxxfJI5AH7U8zxxtVclpsUtMCq4JQ290LY8AW5c7Ggnr/Y/oK+bQMbqK2qmtk3pN4g=="],

    "lie": ["lie@3.3.0", "", { "dependencies": { "immediate": "~3.0.5" } }, "sha512-UaiMJzeWRlEujzAuw5LokY1L5ecNQYZKfmyZ9L7wDHb/p5etKaxXhohBcrw0EYby+G/NA52vRSN4N39dxHAIwQ=="],

    "lodash.camelcase": ["lodash.camelcase@4.3.0", "", {}, "sha512-TwuEnCnxbc3rAvhf/LbG7tJUDzhqXyFnv3dtzLOPgCG/hODL7WFnsbwktkD7yUV0RrreP/l1PALq/YSg6VvjlA=="],

    "long": ["long@5.3.2", "", {}, "sha512-mNAgZ1GmyNhD7AuqnTG3/VQ26o760+ZYBPKjPvugO8+nLbYfX6TVpJPseBvopbdY+qpZ/lKUnmEc1LeZYS3QAA=="],

    "loose-envify": ["loose-envify@1.4.0", "", { "dependencies": { "js-tokens": "^3.0.0 || ^4.0.0" }, "bin": "cli.js" }, "sha512-lyuxPGr/Wfhrlem2CL/UcnUc1zcqKAImBDzukY7Y5F/yQiNdko6+fRLevlw1HgMySw7f611UIY408EtxRSoK3Q=="],

    "lucide-react": ["lucide-react@1.17.0", "", { "peerDependencies": { "react": "^16.5.1 || ^17.0.0 || ^18.0.0 || ^19.0.0" } }, "sha512-9FA9evdox/JQL5PT57fdA1x/yg8T7knJ98+zjTL3UfKza6pflQUUh3XtaQIHKvnsJw1lmsEyHVlt5jchYxOQ5w=="],

    "nanoid": ["nanoid@3.3.12", "", { "bin": "bin/nanoid.cjs" }, "sha512-ZB9RH/39qpq5Vu6Y+NmUaFhQR6pp+M2Xt76XBnEwDaGcVAqhlvxrl3B2bKS5D3NH3QR76v3aSrKaF/Kiy7lEtQ=="],

    "next": ["next@14.2.35", "", { "dependencies": { "@next/env": "14.2.35", "@swc/helpers": "0.5.5", "busboy": "1.6.0", "caniuse-lite": "^1.0.30001579", "graceful-fs": "^4.2.11", "postcss": "8.4.31", "styled-jsx": "5.1.1" }, "optionalDependencies": { "@next/swc-darwin-arm64": "14.2.33", "@next/swc-darwin-x64": "14.2.33", "@next/swc-linux-arm64-gnu": "14.2.33", "@next/swc-linux-arm64-musl": "14.2.33", "@next/swc-linux-x64-gnu": "14.2.33", "@next/swc-linux-x64-musl": "14.2.33", "@next/swc-win32-arm64-msvc": "14.2.33", "@next/swc-win32-ia32-msvc": "14.2.33", "@next/swc-win32-x64-msvc": "14.2.33" }, "peerDependencies": { "@opentelemetry/api": "^1.1.0", "@playwright/test": "^1.41.2", "react": "^18.2.0", "react-dom": "^18.2.0", "sass": "^1.3.0" }, "optionalPeers": ["@opentelemetry/api", "@playwright/test", "sass"], "bin": "dist/bin/next" }, "sha512-KhYd2Hjt/O1/1aZVX3dCwGXM1QmOV4eNM2UTacK5gipDdPN/oHHK/4oVGy7X8GMfPMsUTUEmGlsy0EY1YGAkig=="],

    "pako": ["pako@1.0.11", "", {}, "sha512-4hLB8Py4zZce5s4yd9XzopqwVv/yGNhV1Bl8NTmCq1763HeK2+EwVTv+leGeL13Dnh2wfbqowVPXCIO0z4taYw=="],

    "picocolors": ["picocolors@1.1.1", "", {}, "sha512-xceH2snhtb5M9liqDsmEw56le376mTZkEX/jEb/RxNFyegNul7eNslCXP9FDj/Lcu0X8KEyMceP2ntpaHrDEVA=="],

    "postcss": ["postcss@8.4.31", "", { "dependencies": { "nanoid": "^3.3.6", "picocolors": "^1.0.0", "source-map-js": "^1.0.2" } }, "sha512-PS08Iboia9mts/2ygV3eLpY5ghnUcfLV/EXTOW1E2qYxJKGGBUtNjN76FYHnMs36RmARn41bC0AZmn+rR0OVpQ=="],

    "process-nextick-args": ["process-nextick-args@2.0.1", "", {}, "sha512-3ouUOpQhtgrbOa17J7+uxOTpITYWaGP7/AhoR3+A+/1e9skrzelGi/dXzEYyvbxubEF6Wn2ypscTKiKJFFn1ag=="],

    "protobufjs": ["protobufjs@7.6.3", "", { "dependencies": { "@protobufjs/aspromise": "^1.1.2", "@protobufjs/base64": "^1.1.2", "@protobufjs/codegen": "^2.0.5", "@protobufjs/eventemitter": "^1.1.1", "@protobufjs/fetch": "^1.1.1", "@protobufjs/float": "^1.0.2", "@protobufjs/inquire": "^1.1.2", "@protobufjs/path": "^1.1.2", "@protobufjs/pool": "^1.1.0", "@protobufjs/utf8": "^1.1.1", "@types/node": ">=13.7.0", "long": "^5.3.2" } }, "sha512-+k0vdJKNdW+Vu+dYe8tZA/VvQb6XKNWexC6URwBFXxNnjLJz9nQJCemGyNgRAWD+B7+nGNc9qMPGwcD7s4nzUw=="],

    "react": ["react@18.3.1", "", { "dependencies": { "loose-envify": "^1.1.0" } }, "sha512-wS+hAgJShR0KhEvPJArfuPVN1+Hz1t0Y6n5jLrGQbkb4urgPE/0Rve+1kMB1v/oWgHgm4WIcV+i7F2pTVj+2iQ=="],

    "react-dom": ["react-dom@18.3.1", "", { "dependencies": { "loose-envify": "^1.1.0", "scheduler": "^0.23.2" }, "peerDependencies": { "react": "^18.3.1" } }, "sha512-5m4nQKp+rZRb09LNH59GM4BxTh9251/ylbKIbpe7TpGxfJ+9kv6BLkLBXIjjspbgbnIBNqlI23tRnTWT0snUIw=="],

    "readable-stream": ["readable-stream@2.3.8", "", { "dependencies": { "core-util-is": "~1.0.0", "inherits": "~2.0.3", "isarray": "~1.0.0", "process-nextick-args": "~2.0.0", "safe-buffer": "~5.1.1", "string_decoder": "~1.1.1", "util-deprecate": "~1.0.1" } }, "sha512-8p0AUk4XODgIewSi0l8Epjs+EVnWiK7NoDIEGU0HhE7+ZyY8D1IMY7odu5lRrFXGg71L15KG8QrPmum45RTtdA=="],

    "require-directory": ["require-directory@2.1.1", "", {}, "sha512-fGxEI7+wsG9xrvdjsrlmL22OMTTiHRwAMroiEeMgq8gzoLC/PQr7RsRDSTLUg/bZAZtF+TVIkHc6/4RIKrui+Q=="],

    "safe-buffer": ["safe-buffer@5.1.2", "", {}, "sha512-Gd2UZBJDkXlY7GbJxfsE8/nvKkUEU1G38c1siN6QP6a9PT9MmHB8GnpscSmMJSoF8LOIrt8ud/wPtojys4G6+g=="],

    "scheduler": ["scheduler@0.23.2", "", { "dependencies": { "loose-envify": "^1.1.0" } }, "sha512-UOShsPwz7NrMUqhR6t0hWjFduvOzbtv7toDH1/hIrfRNIDBnnBWd0CwJTGvTpngVlmwGCdP9/Zl/tVrDqcuYzQ=="],

    "setimmediate": ["setimmediate@1.0.5", "", {}, "sha512-MATJdZp8sLqDl/68LfQmbP8zKPLQNV6BIZoIgrscFDQ+RsvK/BxeDQOgyxKKoh0y/8h3BqVFnCqQ/gd+reiIXA=="],

    "source-map-js": ["source-map-js@1.2.1", "", {}, "sha512-UXWMKhLOwVKb728IUtQPXxfYU+usdybtUrK/8uGE8CQMvrhOpwvzDBwj0QhSL7MQc7vIsISBG8VQ8+IDQxpfQA=="],

    "streamsearch": ["streamsearch@1.1.0", "", {}, "sha512-Mcc5wHehp9aXz1ax6bZUyY5afg9u2rv5cqQI3mRrYkGC8rW2hM02jWuwjtL++LS5qinSyhj2QfLyNsuc+VsExg=="],

    "string-width": ["string-width@4.2.3", "", { "dependencies": { "emoji-regex": "^8.0.0", "is-fullwidth-code-point": "^3.0.0", "strip-ansi": "^6.0.1" } }, "sha512-wKyQRQpjJ0sIp62ErSZdGsjMJWsap5oRNihHhu6G7JVO/9jIB6UyevL+tXuOqrng8j/cxKTWyWUwvSTriiZz/g=="],

    "string_decoder": ["string_decoder@1.1.1", "", { "dependencies": { "safe-buffer": "~5.1.0" } }, "sha512-n/ShnvDi6FHbbVfviro+WojiFzv+s8MPMHBczVePfUpDJLwoLT0ht1l4YwBCbi8pJAveEEdnkHyPyTP/mzRfwg=="],

    "strip-ansi": ["strip-ansi@6.0.1", "", { "dependencies": { "ansi-regex": "^5.0.1" } }, "sha512-Y38VPSHcqkFrCpFnQ9vuSXmquuv5oXOKpGeT6aGrr3o3Gc9AlVa6JBfUSOCnbxGGZF+/0ooI7KrPuUSztUdU5A=="],

    "styled-jsx": ["styled-jsx@5.1.1", "", { "dependencies": { "client-only": "0.0.1" }, "peerDependencies": { "react": ">= 16.8.0 || 17.x.x || ^18.0.0-0" } }, "sha512-pW7uC1l4mBZ8ugbiZrcIsiIvVx1UmTfw7UkC3Um2tmfUq9Bhk8IiyEIPl6F8agHgjzku6j0xQEZbfA5uSgSaCw=="],

    "tslib": ["tslib@2.8.1", "", {}, "sha512-oJFu94HQb+KVduSUQL7wnpmqnfmLsOA/nAh6b6EH0wCEoK0/mPeXU6c3wKDV83MkOuHPRHtSXKKU99IBazS/2w=="],

    "typescript": ["typescript@5.9.3", "", { "bin": { "tsc": "bin/tsc", "tsserver": "bin/tsserver" } }, "sha512-jl1vZzPDinLr9eUt3J/t7V6FgNEw9QjvBPdysz9KfQDD41fQrC2Y4vKQdiaUpFT4bXlb1RHhLpp8wtm6M5TgSw=="],

    "undici-types": ["undici-types@6.21.0", "", {}, "sha512-iwDZqg0QAGrg9Rav5H4n0M64c3mkR59cJ6wQp+7C4nI0gsmExaedaYLNO44eT4AtBBwjbTiGPMlt2Md0T9H9JQ=="],

    "util-deprecate": ["util-deprecate@1.0.2", "", {}, "sha512-EPD5q1uXyFxJpCrLnCc1nHnq3gOa6DZBocAIiI2TaSCA7VCJ1UJDMagCzIkXNsUYfD1daK//LTEQ8xiIbrHtcw=="],

    "web-vitals": ["web-vitals@4.2.4", "", {}, "sha512-r4DIlprAGwJ7YM11VZp4R884m0Vmgr6EAKe3P+kO0PPj3Unqyvv59rczf6UiGcb9Z8QxZVcqKNwv/g0WNdWwsw=="],

    "websocket-driver": ["websocket-driver@0.7.5", "", { "dependencies": { "http-parser-js": ">=0.5.1", "safe-buffer": ">=5.1.0", "websocket-extensions": ">=0.1.1" } }, "sha512-ZL2+3c7kMBdIRCMz6l8jQMHyGVxj+UL+xVk74Ombiciboca8rHa15L86B19E5oh1pL9Ii/uj54gtsIrZGMo6zA=="],

    "websocket-extensions": ["websocket-extensions@0.1.4", "", {}, "sha512-OqedPIGOfsDlo31UNwYbCFMSaO9m9G/0faIHj5/dZFDMFqPTcx6UwqyOy3COEaEOg/9VsGIpdqn62W5KhoKSpg=="],

    "wrap-ansi": ["wrap-ansi@7.0.0", "", { "dependencies": { "ansi-styles": "^4.0.0", "string-width": "^4.1.0", "strip-ansi": "^6.0.0" } }, "sha512-YVGIj2kamLSTxw6NsZjoBxfSwsn0ycdesmc4p+Q21c5zPuZ1pl+NfxVdxPtdHvmNVOQ6XSYG4AUtyt/Fi7D16Q=="],

    "y18n": ["y18n@5.0.8", "", {}, "sha512-0pfFzegeDWJHJIAmTLRP2DwHjdF5s7jo9tuztdQxAhINCdvS+3nGINqPd00AphqJR/0LhANUS6/+7SCb98YOfA=="],

    "yargs": ["yargs@17.7.2", "", { "dependencies": { "cliui": "^8.0.1", "escalade": "^3.1.1", "get-caller-file": "^2.0.5", "require-directory": "^2.1.1", "string-width": "^4.2.3", "y18n": "^5.0.5", "yargs-parser": "^21.1.1" } }, "sha512-7dSzzRQ++CKnNI/krKnYRV7JKKPUXMEh61soaHKg9mrWEhzFWhFnxPxGl+69cD1Ou63C13NUPCnmIcrvqCuM6w=="],

    "yargs-parser": ["yargs-parser@21.1.1", "", {}, "sha512-tVpsJW7DdjecAiFpbIB1e3qxIQsE6NoPc5/eTdrbbIC4h0LVsWhnoa3g+m2HclBIujHzsxZ4VJVA+GUuc2/LBw=="],

    "@firebase/auth-compat/@firebase/auth": ["@firebase/auth@1.13.2", "", { "dependencies": { "@firebase/component": "0.7.3", "@firebase/logger": "0.5.1", "@firebase/util": "1.15.1", "tslib": "^2.1.0" }, "peerDependencies": { "@firebase/app": "0.x", "@react-native-async-storage/async-storage": "^2.2.0 || ^3.0.0" }, "optionalPeers": ["@react-native-async-storage/async-storage"] }, "sha512-B4w0iS7MxRg28oIh2fJFTE6cM0lYdBrW19eHpc42jqEcloUjlYyVrpPqZvqA4+v9KFEVSKEs2SfWyta7hbzkJQ=="],
  }
}
